
Microsoft Visual Studio Solution File, Format Version 12.00
# Visual Studio Version 17
VisualStudioVersion = 17.3.32922.545
MinimumVisualStudioVersion = 10.0.40219.1
Project("{FAE04EC0-301F-11D3-BF4B-00C04F79EFBC}") = "BfsAlgorithm", "BfsAlgorithm\BfsAlgorithm.csproj", "{0BAAC51E-8BFA-4CBF-8F34-E24D72D4A726}"
EndProject
Global
	GlobalSection(SolutionConfigurationPlatforms) = preSolution
		Debug|Any CPU = Debug|Any CPU
		Release|Any CPU = Release|Any CPU
	EndGlobalSection
	GlobalSection(ProjectConfigurationPlatforms) = postSolution
		{0BAAC51E-8BFA-4CBF-8F34-E24D72D4A726}.Debug|Any CPU.ActiveCfg = Debug|Any CPU
		{0BAAC51E-8BFA-4CBF-8F34-E24D72D4A726}.Debug|Any CPU.Build.0 = Debug|Any CPU
		{0BAAC51E-8BFA-4CBF-8F34-E24D72D4A726}.Release|Any CPU.ActiveCfg = Release|Any CPU
		{0BAAC51E-8BFA-4CBF-8F34-E24D72D4A726}.Release|Any CPU.Build.0 = Release|Any CPU
	EndGlobalSection
	GlobalSection(SolutionProperties) = preSolution
		HideSolutionNode = FALSE
	EndGlobalSection
	GlobalSection(ExtensibilityGlobals) = postSolution
		SolutionGuid = {73128118-9FD3-4A4B-8E3B-64A64EC8F8E0}
	EndGlobalSection
EndGlobal
